
Microsoft Visual Studio Solution File, Format Version 11.00
# Visual Studio 2010
Project("{FAE04EC0-301F-11D3-BF4B-00C04F79EFBC}") = "Raven.Migrations", "Raven.Migrations\Raven.Migrations.csproj", "{1986D791-43D8-41EC-ABC8-06CA30B5710B}"
EndProject
Project("{FAE04EC0-301F-11D3-BF4B-00C04F79EFBC}") = "Raven.Migrations.Tests", "Raven.Migrations.Tests\Raven.Migrations.Tests.csproj", "{BAB08974-6882-4F84-86BC-1CFA26141EC2}"
EndProject
Global
	GlobalSection(SolutionConfigurationPlatforms) = preSolution
		Debug|Any CPU = Debug|Any CPU
		Release|Any CPU = Release|Any CPU
	EndGlobalSection
	GlobalSection(ProjectConfigurationPlatforms) = postSolution
		{1986D791-43D8-41EC-ABC8-06CA30B5710B}.Debug|Any CPU.ActiveCfg = Debug|Any CPU
		{1986D791-43D8-41EC-ABC8-06CA30B5710B}.Debug|Any CPU.Build.0 = Debug|Any CPU
		{1986D791-43D8-41EC-ABC8-06CA30B5710B}.Release|Any CPU.ActiveCfg = Release|Any CPU
		{1986D791-43D8-41EC-ABC8-06CA30B5710B}.Release|Any CPU.Build.0 = Release|Any CPU
		{BAB08974-6882-4F84-86BC-1CFA26141EC2}.Debug|Any CPU.ActiveCfg = Debug|Any CPU
		{BAB08974-6882-4F84-86BC-1CFA26141EC2}.Debug|Any CPU.Build.0 = Debug|Any CPU
		{BAB08974-6882-4F84-86BC-1CFA26141EC2}.Release|Any CPU.ActiveCfg = Release|Any CPU
		{BAB08974-6882-4F84-86BC-1CFA26141EC2}.Release|Any CPU.Build.0 = Release|Any CPU
	EndGlobalSection
	GlobalSection(SolutionProperties) = preSolution
		HideSolutionNode = FALSE
	EndGlobalSection
EndGlobal
